Microsoft Visual Studio Solution File, Format Version 12.00
# Visual Studio Version 17
VisualStudioVersion = 17.5.2.0
MinimumVisualStudioVersion = 10.0.40219.1
Project("{FAE04EC0-301F-11D3-BF4B-00C04F79EFBC}") = "Strain", "Strain.csproj", "{E5C3888C-F873-E2F5-7FF9-5ED1FC2C7CE4}"
EndProject
Global
	GlobalSection(SolutionConfigurationPlatforms) = preSolution
		Debug|Any CPU = Debug|Any CPU
		Release|Any CPU = Release|Any CPU
	EndGlobalSection
	GlobalSection(ProjectConfigurationPlatforms) = postSolution
		{E5C3888C-F873-E2F5-7FF9-5ED1FC2C7CE4}.Debug|Any CPU.ActiveCfg = Debug|Any CPU
		{E5C3888C-F873-E2F5-7FF9-5ED1FC2C7CE4}.Debug|Any CPU.Build.0 = Debug|Any CPU
		{E5C3888C-F873-E2F5-7FF9-5ED1FC2C7CE4}.Release|Any CPU.ActiveCfg = Release|Any CPU
		{E5C3888C-F873-E2F5-7FF9-5ED1FC2C7CE4}.Release|Any CPU.Build.0 = Release|Any CPU
	EndGlobalSection
	GlobalSection(SolutionProperties) = preSolution
		HideSolutionNode = FALSE
	EndGlobalSection
	GlobalSection(ExtensibilityGlobals) = postSolution
		SolutionGuid = {8DEA4331-62D5-4D1F-AB85-2399164BF91D}
	EndGlobalSection
EndGlobal
