Microsoft Visual Studio Solution File, Format Version 12.00
# Visual Studio Version 17
VisualStudioVersion = 17.5.2.0
MinimumVisualStudioVersion = 10.0.40219.1
Project("{FAE04EC0-301F-11D3-BF4B-00C04F79EFBC}") = "SwiftScheduling", "SwiftScheduling.csproj", "{A67F3828-4148-F8BD-E403-89105F39CD85}"
EndProject
Global
	GlobalSection(SolutionConfigurationPlatforms) = preSolution
		Debug|Any CPU = Debug|Any CPU
		Release|Any CPU = Release|Any CPU
	EndGlobalSection
	GlobalSection(ProjectConfigurationPlatforms) = postSolution
		{A67F3828-4148-F8BD-E403-89105F39CD85}.Debug|Any CPU.ActiveCfg = Debug|Any CPU
		{A67F3828-4148-F8BD-E403-89105F39CD85}.Debug|Any CPU.Build.0 = Debug|Any CPU
		{A67F3828-4148-F8BD-E403-89105F39CD85}.Release|Any CPU.ActiveCfg = Release|Any CPU
		{A67F3828-4148-F8BD-E403-89105F39CD85}.Release|Any CPU.Build.0 = Release|Any CPU
	EndGlobalSection
	GlobalSection(SolutionProperties) = preSolution
		HideSolutionNode = FALSE
	EndGlobalSection
	GlobalSection(ExtensibilityGlobals) = postSolution
		SolutionGuid = {44C7A237-DAF5-4824-9D3F-8900E4A824CC}
	EndGlobalSection
EndGlobal
