Microsoft Visual Studio Solution File, Format Version 12.00
# Visual Studio Version 17
VisualStudioVersion = 17.5.2.0
MinimumVisualStudioVersion = 10.0.40219.1
Project("{FAE04EC0-301F-11D3-BF4B-00C04F79EFBC}") = "Series", "Series.csproj", "{06F46C37-AE57-8D9C-D7F0-3141E557AFAE}"
EndProject
Global
	GlobalSection(SolutionConfigurationPlatforms) = preSolution
		Debug|Any CPU = Debug|Any CPU
		Release|Any CPU = Release|Any CPU
	EndGlobalSection
	GlobalSection(ProjectConfigurationPlatforms) = postSolution
		{06F46C37-AE57-8D9C-D7F0-3141E557AFAE}.Debug|Any CPU.ActiveCfg = Debug|Any CPU
		{06F46C37-AE57-8D9C-D7F0-3141E557AFAE}.Debug|Any CPU.Build.0 = Debug|Any CPU
		{06F46C37-AE57-8D9C-D7F0-3141E557AFAE}.Release|Any CPU.ActiveCfg = Release|Any CPU
		{06F46C37-AE57-8D9C-D7F0-3141E557AFAE}.Release|Any CPU.Build.0 = Release|Any CPU
	EndGlobalSection
	GlobalSection(SolutionProperties) = preSolution
		HideSolutionNode = FALSE
	EndGlobalSection
	GlobalSection(ExtensibilityGlobals) = postSolution
		SolutionGuid = {5371E4D3-05C7-42AA-9623-419BDFD14CF5}
	EndGlobalSection
EndGlobal
