Microsoft Visual Studio Solution File, Format Version 12.00
# Visual Studio Version 17
VisualStudioVersion = 17.5.2.0
MinimumVisualStudioVersion = 10.0.40219.1
Project("{FAE04EC0-301F-11D3-BF4B-00C04F79EFBC}") = "StateOfTicTacToe", "StateOfTicTacToe.csproj", "{62A154EE-C8EA-98A1-D7E8-43B35757C83D}"
EndProject
Global
	GlobalSection(SolutionConfigurationPlatforms) = preSolution
		Debug|Any CPU = Debug|Any CPU
		Release|Any CPU = Release|Any CPU
	EndGlobalSection
	GlobalSection(ProjectConfigurationPlatforms) = postSolution
		{62A154EE-C8EA-98A1-D7E8-43B35757C83D}.Debug|Any CPU.ActiveCfg = Debug|Any CPU
		{62A154EE-C8EA-98A1-D7E8-43B35757C83D}.Debug|Any CPU.Build.0 = Debug|Any CPU
		{62A154EE-C8EA-98A1-D7E8-43B35757C83D}.Release|Any CPU.ActiveCfg = Release|Any CPU
		{62A154EE-C8EA-98A1-D7E8-43B35757C83D}.Release|Any CPU.Build.0 = Release|Any CPU
	EndGlobalSection
	GlobalSection(SolutionProperties) = preSolution
		HideSolutionNode = FALSE
	EndGlobalSection
	GlobalSection(ExtensibilityGlobals) = postSolution
		SolutionGuid = {DA7C1A64-113B-4AFB-B67E-F7B0981782A3}
	EndGlobalSection
EndGlobal
